
Microsoft Visual Studio Solution File, Format Version 11.00
# Visual Studio 2010
Project("{8BC9CEB8-8B4A-11D0-8D11-00A0C91BC942}") = "PythonEmbedding", "PythonEmbedding\PythonEmbedding.vcxproj", "{3BFAF1FA-F9E5-4336-803C-9F77BB98C481}"
EndProject
Global
	GlobalSection(SolutionConfigurationPlatforms) = preSolution
		Debug|Win32 = Debug|Win32
		Release|Win32 = Release|Win32
	EndGlobalSection
	GlobalSection(ProjectConfigurationPlatforms) = postSolution
		{3BFAF1FA-F9E5-4336-803C-9F77BB98C481}.Debug|Win32.ActiveCfg = Debug|Win32
		{3BFAF1FA-F9E5-4336-803C-9F77BB98C481}.Debug|Win32.Build.0 = Debug|Win32
		{3BFAF1FA-F9E5-4336-803C-9F77BB98C481}.Release|Win32.ActiveCfg = Release|Win32
		{3BFAF1FA-F9E5-4336-803C-9F77BB98C481}.Release|Win32.Build.0 = Release|Win32
	EndGlobalSection
	GlobalSection(SolutionProperties) = preSolution
		HideSolutionNode = FALSE
	EndGlobalSection
EndGlobal
